
Microsoft Visual Studio Solution File, Format Version 12.00
# Visual Studio Version 17
VisualStudioVersion = 17.9.34622.214
MinimumVisualStudioVersion = 10.0.40219.1
Project("{FAE04EC0-301F-11D3-BF4B-00C04F79EFBC}") = "MauiApp1", "MauiApp1\MauiApp1.csproj", "{B13349A8-43A9-40C2-95F3-C41FB789552B}"
EndProject
Global
	GlobalSection(SolutionConfigurationPlatforms) = preSolution
		Debug|Any CPU = Debug|Any CPU
		Release|Any CPU = Release|Any CPU
	EndGlobalSection
	GlobalSection(ProjectConfigurationPlatforms) = postSolution
		{B13349A8-43A9-40C2-95F3-C41FB789552B}.Debug|Any CPU.ActiveCfg = Debug|Any CPU
		{B13349A8-43A9-40C2-95F3-C41FB789552B}.Debug|Any CPU.Build.0 = Debug|Any CPU
		{B13349A8-43A9-40C2-95F3-C41FB789552B}.Debug|Any CPU.Deploy.0 = Debug|Any CPU
		{B13349A8-43A9-40C2-95F3-C41FB789552B}.Release|Any CPU.ActiveCfg = Release|Any CPU
		{B13349A8-43A9-40C2-95F3-C41FB789552B}.Release|Any CPU.Build.0 = Release|Any CPU
		{B13349A8-43A9-40C2-95F3-C41FB789552B}.Release|Any CPU.Deploy.0 = Release|Any CPU
	EndGlobalSection
	GlobalSection(SolutionProperties) = preSolution
		HideSolutionNode = FALSE
	EndGlobalSection
	GlobalSection(ExtensibilityGlobals) = postSolution
		SolutionGuid = {35C9FF49-EDE4-4A40-96D2-EF49E928CDA0}
	EndGlobalSection
EndGlobal
